
Microsoft Visual Studio Solution File, Format Version 12.00
# Visual Studio 15
VisualStudioVersion = 15.0.28307.421
MinimumVisualStudioVersion = 10.0.40219.1
Project("{FAE04EC0-301F-11D3-BF4B-00C04F79EFBC}") = "NominaWeb", "NominaWeb\NominaWeb.csproj", "{E99E279A-E96B-44F1-BEEC-C7B521E2F8D9}"
EndProject
Project("{FAE04EC0-301F-11D3-BF4B-00C04F79EFBC}") = "NominaDataBase", "NominaDataBase\NominaDataBase.csproj", "{BB5AF1A4-822A-46A9-AA6D-A90B47DA0D47}"
EndProject
Project("{FAE04EC0-301F-11D3-BF4B-00C04F79EFBC}") = "NominaRepository", "NominaRepository\NominaRepository.csproj", "{B8E550C9-BD98-4D53-8837-E7C0A189AD92}"
EndProject
Global
	GlobalSection(SolutionConfigurationPlatforms) = preSolution
		Debug|Any CPU = Debug|Any CPU
		Release|Any CPU = Release|Any CPU
	EndGlobalSection
	GlobalSection(ProjectConfigurationPlatforms) = postSolution
		{88360829-FFE9-4DF3-AD48-2A75A19F9176}.Debug|Any CPU.ActiveCfg = Debug|Any CPU
		{88360829-FFE9-4DF3-AD48-2A75A19F9176}.Debug|Any CPU.Build.0 = Debug|Any CPU
		{88360829-FFE9-4DF3-AD48-2A75A19F9176}.Release|Any CPU.ActiveCfg = Release|Any CPU
		{88360829-FFE9-4DF3-AD48-2A75A19F9176}.Release|Any CPU.Build.0 = Release|Any CPU
		{BB5AF1A4-822A-46A9-AA6D-A90B47DA0D47}.Debug|Any CPU.ActiveCfg = Debug|Any CPU
		{BB5AF1A4-822A-46A9-AA6D-A90B47DA0D47}.Debug|Any CPU.Build.0 = Debug|Any CPU
		{BB5AF1A4-822A-46A9-AA6D-A90B47DA0D47}.Release|Any CPU.ActiveCfg = Release|Any CPU
		{BB5AF1A4-822A-46A9-AA6D-A90B47DA0D47}.Release|Any CPU.Build.0 = Release|Any CPU
		{B8E550C9-BD98-4D53-8837-E7C0A189AD92}.Debug|Any CPU.ActiveCfg = Debug|Any CPU
		{B8E550C9-BD98-4D53-8837-E7C0A189AD92}.Debug|Any CPU.Build.0 = Debug|Any CPU
		{B8E550C9-BD98-4D53-8837-E7C0A189AD92}.Release|Any CPU.ActiveCfg = Release|Any CPU
		{B8E550C9-BD98-4D53-8837-E7C0A189AD92}.Release|Any CPU.Build.0 = Release|Any CPU
	EndGlobalSection
	GlobalSection(SolutionProperties) = preSolution
		HideSolutionNode = FALSE
	EndGlobalSection
	GlobalSection(ExtensibilityGlobals) = postSolution
		SolutionGuid = {841BFB00-D9BA-40B3-90EC-E9110AFBE360}
	EndGlobalSection
EndGlobal
