
Microsoft Visual Studio Solution File, Format Version 12.00
# Visual Studio 15
VisualStudioVersion = 15.0.28307.421
MinimumVisualStudioVersion = 10.0.40219.1
Project("{FAE04EC0-301F-11D3-BF4B-00C04F79EFBC}") = "NominaWeb", "NominaWeb\NominaWeb.csproj", "{88360829-FFE9-4DF3-AD48-2A75A19F9176}"
EndProject
Global
	GlobalSection(SolutionConfigurationPlatforms) = preSolution
		Debug|Any CPU = Debug|Any CPU
		Release|Any CPU = Release|Any CPU
	EndGlobalSection
	GlobalSection(ProjectConfigurationPlatforms) = postSolution
		{88360829-FFE9-4DF3-AD48-2A75A19F9176}.Debug|Any CPU.ActiveCfg = Debug|Any CPU
		{88360829-FFE9-4DF3-AD48-2A75A19F9176}.Debug|Any CPU.Build.0 = Debug|Any CPU
		{88360829-FFE9-4DF3-AD48-2A75A19F9176}.Release|Any CPU.ActiveCfg = Release|Any CPU
		{88360829-FFE9-4DF3-AD48-2A75A19F9176}.Release|Any CPU.Build.0 = Release|Any CPU
	EndGlobalSection
	GlobalSection(SolutionProperties) = preSolution
		HideSolutionNode = FALSE
	EndGlobalSection
	GlobalSection(ExtensibilityGlobals) = postSolution
		SolutionGuid = {6776C7F1-5A79-424E-A856-807BFC9C2F0D}
	EndGlobalSection
EndGlobal
